{
  "version": "4",
  "specifiers": {
    "jsr:@denosaurs/plug@^1.0.6": "1.0.6",
    "jsr:@felix/bcrypt@^1.0.5": "1.0.5",
    "jsr:@hono/hono@^4.6.4": "4.6.4",
    "jsr:@std/assert@0.221": "0.221.0",
    "jsr:@std/assert@1": "1.0.6",
    "jsr:@std/encoding@0.221": "0.221.0",
    "jsr:@std/fmt@0.221": "0.221.0",
    "jsr:@std/fs@0.221": "0.221.0",
    "jsr:@std/internal@^1.0.4": "1.0.4",
    "jsr:@std/path@0.221": "0.221.0",
    "npm:@types/node@*": "22.5.4",
    "npm:create-hono@*": "0.14.1",
    "npm:mongodb@^6.9.0": "6.9.0",
    "npm:mongoose@^8.7.1": "8.7.1"
  },
  "jsr": {
    "@denosaurs/plug@1.0.6": {
      "integrity": "6cf5b9daba7799837b9ffbe89f3450510f588fafef8115ddab1ff0be9cb7c1a7",
      "dependencies": [
        "jsr:@std/encoding",
        "jsr:@std/fmt",
        "jsr:@std/fs",
        "jsr:@std/path"
      ]
    },
    "@felix/bcrypt@1.0.5": {
      "integrity": "c8312e10cfda0e34c06c0d906667a0c602b472b7c64c75cfdcb44b934b885836",
      "dependencies": [
        "jsr:@denosaurs/plug"
      ]
    },
    "@hono/hono@4.6.4": {
      "integrity": "9bbd937653ab902405af33743561140f8883d27dc730eb9ceac665e2468c8bf6"
    },
    "@std/assert@0.221.0": {
      "integrity": "a5f1aa6e7909dbea271754fd4ab3f4e687aeff4873b4cef9a320af813adb489a"
    },
    "@std/assert@1.0.6": {
      "integrity": "1904c05806a25d94fe791d6d883b685c9e2dcd60e4f9fc30f4fc5cf010c72207",
      "dependencies": [
        "jsr:@std/internal"
      ]
    },
    "@std/encoding@0.221.0": {
      "integrity": "d1dd76ef0dc5d14088411e6dc1dede53bf8308c95d1537df1214c97137208e45"
    },
    "@std/fmt@0.221.0": {
      "integrity": "379fed69bdd9731110f26b9085aeb740606b20428ce6af31ef6bd45ef8efa62a"
    },
    "@std/fs@0.221.0": {
      "integrity": "028044450299de8ed5a716ade4e6d524399f035513b85913794f4e81f07da286",
      "dependencies": [
        "jsr:@std/assert@0.221",
        "jsr:@std/path"
      ]
    },
    "@std/internal@1.0.4": {
      "integrity": "62e8e4911527e5e4f307741a795c0b0a9e6958d0b3790716ae71ce085f755422"
    },
    "@std/path@0.221.0": {
      "integrity": "0a36f6b17314ef653a3a1649740cc8db51b25a133ecfe838f20b79a56ebe0095",
      "dependencies": [
        "jsr:@std/assert@0.221"
      ]
    }
  },
  "npm": {
    "@mongodb-js/saslprep@1.1.9": {
      "integrity": "sha512-tVkljjeEaAhCqTzajSdgbQ6gE6f3oneVwa3iXR6csiEwXXOFsiC6Uh9iAjAhXPtqa/XMDHWjjeNH/77m/Yq2dw==",
      "dependencies": [
        "sparse-bitfield"
      ]
    },
    "@types/node@22.5.4": {
      "integrity": "sha512-FDuKUJQm/ju9fT/SeX/6+gBzoPzlVCzfzmGkwKvRHQVxi4BntVbyIwf6a4Xn62mrvndLiml6z/UBXIdEVjQLXg==",
      "dependencies": [
        "undici-types"
      ]
    },
    "@types/webidl-conversions@7.0.3": {
      "integrity": "sha512-CiJJvcRtIgzadHCYXw7dqEnMNRjhGZlYK05Mj9OyktqV8uVT8fD2BFOB7S1uwBE3Kj2Z+4UyPmFw/Ixgw/LAlA=="
    },
    "@types/whatwg-url@11.0.5": {
      "integrity": "sha512-coYR071JRaHa+xoEvvYqvnIHaVqaYrLPbsufM9BF63HkwI5Lgmy2QR8Q5K/lYDYo5AK82wOvSOS0UsLTpTG7uQ==",
      "dependencies": [
        "@types/webidl-conversions"
      ]
    },
    "bson@6.8.0": {
      "integrity": "sha512-iOJg8pr7wq2tg/zSlCCHMi3hMm5JTOxLTagf3zxhcenHsFp+c6uOs6K7W5UE7A4QIJGtqh/ZovFNMP4mOPJynQ=="
    },
    "create-hono@0.14.1": {
      "integrity": "sha512-4tQZlAHk3gqe0UmGz2BWkqTs4AknZnGh8CMom09QhAlTWOOGgfoUaJIiLw3PolpZ6a1nX2PQ1MuxxQwENOEayw=="
    },
    "debug@4.3.7": {
      "integrity": "sha512-Er2nc/H7RrMXZBFCEim6TCmMk02Z8vLC2Rbi1KEBggpo0fS6l0S1nnapwmIi3yW/+GOJap1Krg4w0Hg80oCqgQ==",
      "dependencies": [
        "ms"
      ]
    },
    "kareem@2.6.3": {
      "integrity": "sha512-C3iHfuGUXK2u8/ipq9LfjFfXFxAZMQJJq7vLS45r3D9Y2xQ/m4S8zaR4zMLFWh9AsNPXmcFfUDhTEO8UIC/V6Q=="
    },
    "memory-pager@1.5.0": {
      "integrity": "sha512-ZS4Bp4r/Zoeq6+NLJpP+0Zzm0pR8whtGPf1XExKLJBAczGMnSi3It14OiNCStjQjM6NU1okjQGSxgEZN8eBYKg=="
    },
    "mongodb-connection-string-url@3.0.1": {
      "integrity": "sha512-XqMGwRX0Lgn05TDB4PyG2h2kKO/FfWJyCzYQbIhXUxz7ETt0I/FqHjUeqj37irJ+Dl1ZtU82uYyj14u2XsZKfg==",
      "dependencies": [
        "@types/whatwg-url",
        "whatwg-url"
      ]
    },
    "mongodb@6.9.0": {
      "integrity": "sha512-UMopBVx1LmEUbW/QE0Hw18u583PEDVQmUmVzzBRH0o/xtE9DBRA5ZYLOjpLIa03i8FXjzvQECJcqoMvCXftTUA==",
      "dependencies": [
        "@mongodb-js/saslprep",
        "bson",
        "mongodb-connection-string-url"
      ]
    },
    "mongoose@8.7.1": {
      "integrity": "sha512-RpNMyhyzLVCVbf8xTVbrf/18G3MqQzNw5pJdvOJ60fzbCa3cOZzz9L+8XpqzBXtRlgZGWv0T7MmOtvrT8ocp1Q==",
      "dependencies": [
        "bson",
        "kareem",
        "mongodb",
        "mpath",
        "mquery",
        "ms",
        "sift"
      ]
    },
    "mpath@0.9.0": {
      "integrity": "sha512-ikJRQTk8hw5DEoFVxHG1Gn9T/xcjtdnOKIU1JTmGjZZlg9LST2mBLmcX3/ICIbgJydT2GOc15RnNy5mHmzfSew=="
    },
    "mquery@5.0.0": {
      "integrity": "sha512-iQMncpmEK8R8ncT8HJGsGc9Dsp8xcgYMVSbs5jgnm1lFHTZqMJTUWTDx1LBO8+mK3tPNZWFLBghQEIOULSTHZg==",
      "dependencies": [
        "debug"
      ]
    },
    "ms@2.1.3": {
      "integrity": "sha512-6FlzubTLZG3J2a/NVCAleEhjzq5oxgHyaCU9yYXvcLsvoVaHJq/s5xXI6/XXP6tz7R9xAOtHnSO/tXtF3WRTlA=="
    },
    "punycode@2.3.1": {
      "integrity": "sha512-vYt7UD1U9Wg6138shLtLOvdAu+8DsC/ilFtEVHcH+wydcSpNE20AfSOduf6MkRFahL5FY7X1oU7nKVZFtfq8Fg=="
    },
    "sift@17.1.3": {
      "integrity": "sha512-Rtlj66/b0ICeFzYTuNvX/EF1igRbbnGSvEyT79McoZa/DeGhMyC5pWKOEsZKnpkqtSeovd5FL/bjHWC3CIIvCQ=="
    },
    "sparse-bitfield@3.0.3": {
      "integrity": "sha512-kvzhi7vqKTfkh0PZU+2D2PIllw2ymqJKujUcyPMd9Y75Nv4nPbGJZXNhxsgdQab2BmlDct1YnfQCguEvHr7VsQ==",
      "dependencies": [
        "memory-pager"
      ]
    },
    "tr46@4.1.1": {
      "integrity": "sha512-2lv/66T7e5yNyhAAC4NaKe5nVavzuGJQVVtRYLyQ2OI8tsJ61PMLlelehb0wi2Hx6+hT/OJUWZcw8MjlSRnxvw==",
      "dependencies": [
        "punycode"
      ]
    },
    "undici-types@6.19.8": {
      "integrity": "sha512-ve2KP6f/JnbPBFyobGHuerC9g1FYGn/F8n1LWTwNxCEzd6IfqTwUQcNXgEtmmQ6DlRrC1hrSrBnCZPokRrDHjw=="
    },
    "webidl-conversions@7.0.0": {
      "integrity": "sha512-VwddBukDzu71offAQR975unBIGqfKZpM+8ZX6ySk8nYhVoo5CYaZyzt3YBvYtRtO+aoGlqxPg/B87NGVZ/fu6g=="
    },
    "whatwg-url@13.0.0": {
      "integrity": "sha512-9WWbymnqj57+XEuqADHrCJ2eSXzn8WXIW/YSGaZtb2WKAInQ6CHfaUUcTyyver0p8BDg5StLQq8h1vtZuwmOig==",
      "dependencies": [
        "tr46",
        "webidl-conversions"
      ]
    }
  },
  "redirects": {
    "https://deno.land/x/bcrypt/mod.ts": "https://deno.land/x/bcrypt@v0.4.1/mod.ts"
  },
  "remote": {
    "https://deno.land/x/bcrypt@v0.4.1/mod.ts": "ff09bdae282583cf5f7d87efe37ddcecef7f14f6d12e8b8066a3058db8c6c2f7",
    "https://deno.land/x/bcrypt@v0.4.1/src/bcrypt/base64.ts": "b8266450a4f1eb6960f60f2f7986afc4dde6b45bd2d7ee7ba10789e67e17b9f7",
    "https://deno.land/x/bcrypt@v0.4.1/src/bcrypt/bcrypt.ts": "ec221648cc6453ea5e3803bc817c01157dada06aa6f7a0ba6b9f87aae32b21e2",
    "https://deno.land/x/bcrypt@v0.4.1/src/main.ts": "08d201b289c8d9c46f8839c69cd6625b213863db29775c7a200afc3b540e64f8"
  },
  "workspace": {
    "dependencies": [
      "jsr:@felix/bcrypt@^1.0.5",
      "jsr:@hono/hono@^4.6.4",
      "jsr:@std/assert@1",
      "npm:mongodb@^6.9.0",
      "npm:mongoose@^8.7.1"
    ]
  }
}
